{
    "_meta": {
        "hash": {
            "sha256": "cc7478d6771b49228d4a912899016709c61e4d0301fc91de9b5782b013651016"
        },
        "host-environment-markers": {
            "implementation_name": "cpython",
            "implementation_version": "0",
            "os_name": "posix",
            "platform_machine": "x86_64",
            "platform_python_implementation": "CPython",
            "platform_release": "4.4.0-1049-aws",
            "platform_system": "Linux",
            "platform_version": "#58-Ubuntu SMP Fri Jan 12 23:17:09 UTC 2018",
            "python_full_version": "2.7.12",
            "python_version": "2.7",
            "sys_platform": "linux2"
        },
        "pipfile-spec": 6,
        "requires": {},
        "sources": [
            {
                "name": "pypi",
                "url": "https://pypi.python.org/simple",
                "verify_ssl": true
            }
        ]
    },
    "default": {
        "a990082": {
            "path": "./pysaml2"
        }
    },
    "develop": {}
}
