{
	"name": "Canvas",
	"requires": true,
	"lockfileVersion": 1,
	"dependencies": {
		"asn1": {
			"version": "0.2.3",
			"resolved": "https://registry.npmjs.org/asn1/-/asn1-0.2.3.tgz",
			"integrity": "sha1-2sh4dxPJlmhJ/IGAd36+nB3fO4Y="
		},
		"child_process": {
			"version": "1.0.2",
			"resolved": "https://registry.npmjs.org/child_process/-/child_process-1.0.2.tgz",
			"integrity": "sha1-sffn/HPSXn/R1FWtyU4UODAYK1o="
		},
		"debug": {
			"version": "3.1.0",
			"resolved": "https://registry.npmjs.org/debug/-/debug-3.1.0.tgz",
			"integrity": "sha512-OX8XqP7/1a9cqkxYw2yXss15f26NKWBpDXQd0/uK/KPqdQhxbPa994hnzjcE2VqQpDslf55723cKPUOGSmMY3g==",
			"requires": {
				"ms": "2.0.0"
			}
		},
		"fs": {
			"version": "0.0.1-security",
			"resolved": "https://registry.npmjs.org/fs/-/fs-0.0.1-security.tgz",
			"integrity": "sha1-invTcYa23d84E/I4WLV+yq9eQdQ="
		},
		"ms": {
			"version": "2.0.0",
			"resolved": "https://registry.npmjs.org/ms/-/ms-2.0.0.tgz",
			"integrity": "sha1-VgiurfwAvmwpAd9fmGF4jeDVl8g="
		},
		"semver": {
			"version": "5.5.0",
			"resolved": "https://registry.npmjs.org/semver/-/semver-5.5.0.tgz",
			"integrity": "sha512-4SJ3dm0WAwWy/NVeioZh5AntkdJoWKxHxcmyP622fOkgHa4z3R0TdBJICINyaSDE6uNwVc8gZr+ZinwZAH4xIA=="
		},
		"ssh2": {
			"version": "0.5.5",
			"resolved": "https://registry.npmjs.org/ssh2/-/ssh2-0.5.5.tgz",
			"integrity": "sha1-x3gezS7OcwSiU89iD6taXCK7IjU=",
			"requires": {
				"ssh2-streams": "0.1.20"
			}
		},
		"ssh2-streams": {
			"version": "0.1.20",
			"resolved": "https://registry.npmjs.org/ssh2-streams/-/ssh2-streams-0.1.20.tgz",
			"integrity": "sha1-URGNFUVV31Rp7h9n4M8efoosDjo=",
			"requires": {
				"asn1": "0.2.3",
				"semver": "5.5.0",
				"streamsearch": "0.1.2"
			}
		},
		"streamsearch": {
			"version": "0.1.2",
			"resolved": "https://registry.npmjs.org/streamsearch/-/streamsearch-0.1.2.tgz",
			"integrity": "sha1-gIudDlb8Jz2Am6VzOOkpkZoanxo="
		}
	}
}
